# This file is autogenerated, do not edit; changes may be undone by the next 'dep ensure'.


[[projects]]
  branch = "master"
  digest = "1:6978a38432a017763a148afbc7ce6491734b54292af7d3e969d84d2e9dd242e2"
  name = "github.com/Azure/go-ansiterm"
  packages = [
    ".",
    "winterm",
  ]
  pruneopts = ""
  revision = "d6e3b3328b783f23731bc4d058875b0371ff8109"

[[projects]]
  branch = "master"
  digest = "1:1546a60e310b5aecb9c2648869f63f024f1b4d1d34d5ea23baef93e9f11806d2"
  name = "github.com/docker/docker"
  packages = [
    "pkg/term",
    "pkg/term/windows",
  ]
  pruneopts = ""
  revision = "234b95148363d0c9d045900afc88e27721242eb4"

[[projects]]
  digest = "1:9fe25c9fe60acfa94bafa1807a8c51fa043f38e87053bc0d7e98c3c0e2422080"
  name = "github.com/docker/machine"
  packages = [
    "libmachine/drivers",
    "libmachine/drivers/plugin",
    "libmachine/drivers/plugin/localbinary",
    "libmachine/drivers/rpc",
    "libmachine/log",
    "libmachine/mcnflag",
    "libmachine/mcnutils",
    "libmachine/ssh",
    "libmachine/state",
    "libmachine/version",
    "version",
  ]
  pruneopts = ""
  revision = "bd45ab13d88c32a3dd701485983354514abc41fa"
  version = "v0.16.2"

[[projects]]
  digest = "1:0f51cee70b0d254dbc93c22666ea2abf211af81c1701a96d04e2284b408621db"
  name = "github.com/konsorten/go-windows-terminal-sequences"
  packages = ["."]
  pruneopts = ""
  revision = "f55edac94c9bbba5d6182a4be46d86a2c9b5b50e"
  version = "v1.0.2"

[[projects]]
  digest = "1:1a405cddcf3368445051fb70ab465ae99da56ad7be8d8ca7fc52159d1c2d873c"
  name = "github.com/sirupsen/logrus"
  packages = ["."]
  pruneopts = ""
  revision = "839c75faf7f98a33d445d181f3018b5c3409a45e"
  version = "v1.4.2"

[[projects]]
  branch = "dev"
  digest = "1:e4aab4ee3ccb393b7c578a8f5f8b90aa60792bcb4915e93f7c2fe786441dcd03"
  name = "github.com/tuxmonteiro/machine"
  packages = ["."]
  pruneopts = ""
  revision = "dbb7a5c3fd62d043830a5ca626124f38ab0cde32"

[[projects]]
  branch = "master"
  digest = "1:4a4c4edf69b61bf98e98d22696aa80c4059384895920de4d5e2fe696068d5f13"
  name = "golang.org/x/crypto"
  packages = [
    "curve25519",
    "ed25519",
    "ed25519/internal/edwards25519",
    "internal/chacha20",
    "internal/subtle",
    "poly1305",
    "ssh",
    "ssh/terminal",
  ]
  pruneopts = ""
  revision = "227b76d455e791cb042b03e633e2f7fbcfdf74a5"

[[projects]]
  branch = "master"
  digest = "1:0c8be8c385496c91dd86d6cc727041eafdc2f42537c9f58ec992e8efad0fa923"
  name = "golang.org/x/sys"
  packages = [
    "cpu",
    "unix",
    "windows",
  ]
  pruneopts = ""
  revision = "7ad0cfa0b7b5a50bdf0fb49923febdf3742a975c"

[solve-meta]
  analyzer-name = "dep"
  analyzer-version = 1
  input-imports = [
    "github.com/docker/machine/libmachine/drivers/plugin",
    "github.com/tuxmonteiro/machine",
  ]
  solver-name = "gps-cdcl"
  solver-version = 1
